
Microsoft Visual Studio Solution File, Format Version 12.00
# Visual Studio Version 16
VisualStudioVersion = 16.0.30204.135
MinimumVisualStudioVersion = 10.0.40219.1
Project("{FAE04EC0-301F-11D3-BF4B-00C04F79EFBC}") = "Carbuncle", "Carbuncle\Carbuncle.csproj", "{3F239B73-88AE-413B-B8C8-C01A35A0D92E}"
EndProject
Global
	GlobalSection(SolutionConfigurationPlatforms) = preSolution
		Debug|Any CPU = Debug|Any CPU
		Release|Any CPU = Release|Any CPU
	EndGlobalSection
	GlobalSection(ProjectConfigurationPlatforms) = postSolution
		{3F239B73-88AE-413B-B8C8-C01A35A0D92E}.Debug|Any CPU.ActiveCfg = Debug|Any CPU
		{3F239B73-88AE-413B-B8C8-C01A35A0D92E}.Debug|Any CPU.Build.0 = Debug|Any CPU
		{3F239B73-88AE-413B-B8C8-C01A35A0D92E}.Release|Any CPU.ActiveCfg = Release|Any CPU
		{3F239B73-88AE-413B-B8C8-C01A35A0D92E}.Release|Any CPU.Build.0 = Release|Any CPU
	EndGlobalSection
	GlobalSection(SolutionProperties) = preSolution
		HideSolutionNode = FALSE
	EndGlobalSection
	GlobalSection(ExtensibilityGlobals) = postSolution
		SolutionGuid = {9B0B3467-EB2E-4B89-8268-FDAC4610310A}
	EndGlobalSection
EndGlobal
